
Microsoft Visual Studio Solution File, Format Version 12.00
# Visual Studio Version 17
VisualStudioVersion = 17.3.32819.101
MinimumVisualStudioVersion = 10.0.40219.1
Project("{9A19103F-16F7-4668-BE54-9A1E7A4F7556}") = "Exercise - DataTypesAndVariables - 27.05.2022", "Exercise - DataTypesAndVariables - 27.05.2022\Exercise - DataTypesAndVariables - 27.05.2022.csproj", "{56ECF02B-0B5B-43AE-907D-9EB595366BA4}"
EndProject
Project("{9A19103F-16F7-4668-BE54-9A1E7A4F7556}") = "01IntegerOperations", "01IntegerOperations\01IntegerOperations.csproj", "{40799E08-9B9B-45E7-845B-5954F52883F9}"
EndProject
Project("{9A19103F-16F7-4668-BE54-9A1E7A4F7556}") = "02SumDigits", "02SumDigits\02SumDigits.csproj", "{8B68242E-358D-4A2F-802D-057013D0BBED}"
EndProject
Project("{9A19103F-16F7-4668-BE54-9A1E7A4F7556}") = "03Elevator", "03Elevator\03Elevator.csproj", "{09ADB18D-D307-49CF-82D5-8FF606A7C509}"
EndProject
Project("{9A19103F-16F7-4668-BE54-9A1E7A4F7556}") = "04SumOfChars", "04SumOfChars\04SumOfChars.csproj", "{A9EFA672-C606-4C62-A147-3546B8CFF839}"
EndProject
Project("{9A19103F-16F7-4668-BE54-9A1E7A4F7556}") = "05PrintASCIITable", "05PrintASCIITable\05PrintASCIITable.csproj", "{FC1EBA17-5480-4860-9C15-BCA14CA4E859}"
EndProject
Project("{9A19103F-16F7-4668-BE54-9A1E7A4F7556}") = "07WaterOverflow", "07WaterOverflow\07WaterOverflow.csproj", "{35C47FB2-8357-4FC8-A8C7-74C0ABB0A043}"
EndProject
Project("{9A19103F-16F7-4668-BE54-9A1E7A4F7556}") = "08BeerKegs", "08BeerKegs\08BeerKegs.csproj", "{48CEB7F6-03A0-4823-9A47-708DD9BAE803}"
EndProject
Project("{9A19103F-16F7-4668-BE54-9A1E7A4F7556}") = "06TriplesOfLatinLetters", "06TriplesOfLatinLetters\06TriplesOfLatinLetters.csproj", "{6678739D-CB80-4373-A7C6-9DC9D158A3FC}"
EndProject
Global
	GlobalSection(SolutionConfigurationPlatforms) = preSolution
		Debug|Any CPU = Debug|Any CPU
		Release|Any CPU = Release|Any CPU
	EndGlobalSection
	GlobalSection(ProjectConfigurationPlatforms) = postSolution
		{56ECF02B-0B5B-43AE-907D-9EB595366BA4}.Debug|Any CPU.ActiveCfg = Debug|Any CPU
		{56ECF02B-0B5B-43AE-907D-9EB595366BA4}.Debug|Any CPU.Build.0 = Debug|Any CPU
		{56ECF02B-0B5B-43AE-907D-9EB595366BA4}.Release|Any CPU.ActiveCfg = Release|Any CPU
		{56ECF02B-0B5B-43AE-907D-9EB595366BA4}.Release|Any CPU.Build.0 = Release|Any CPU
		{40799E08-9B9B-45E7-845B-5954F52883F9}.Debug|Any CPU.ActiveCfg = Debug|Any CPU
		{40799E08-9B9B-45E7-845B-5954F52883F9}.Debug|Any CPU.Build.0 = Debug|Any CPU
		{40799E08-9B9B-45E7-845B-5954F52883F9}.Release|Any CPU.ActiveCfg = Release|Any CPU
		{40799E08-9B9B-45E7-845B-5954F52883F9}.Release|Any CPU.Build.0 = Release|Any CPU
		{8B68242E-358D-4A2F-802D-057013D0BBED}.Debug|Any CPU.ActiveCfg = Debug|Any CPU
		{8B68242E-358D-4A2F-802D-057013D0BBED}.Debug|Any CPU.Build.0 = Debug|Any CPU
		{8B68242E-358D-4A2F-802D-057013D0BBED}.Release|Any CPU.ActiveCfg = Release|Any CPU
		{8B68242E-358D-4A2F-802D-057013D0BBED}.Release|Any CPU.Build.0 = Release|Any CPU
		{09ADB18D-D307-49CF-82D5-8FF606A7C509}.Debug|Any CPU.ActiveCfg = Debug|Any CPU
		{09ADB18D-D307-49CF-82D5-8FF606A7C509}.Debug|Any CPU.Build.0 = Debug|Any CPU
		{09ADB18D-D307-49CF-82D5-8FF606A7C509}.Release|Any CPU.ActiveCfg = Release|Any CPU
		{09ADB18D-D307-49CF-82D5-8FF606A7C509}.Release|Any CPU.Build.0 = Release|Any CPU
		{A9EFA672-C606-4C62-A147-3546B8CFF839}.Debug|Any CPU.ActiveCfg = Debug|Any CPU
		{A9EFA672-C606-4C62-A147-3546B8CFF839}.Debug|Any CPU.Build.0 = Debug|Any CPU
		{A9EFA672-C606-4C62-A147-3546B8CFF839}.Release|Any CPU.ActiveCfg = Release|Any CPU
		{A9EFA672-C606-4C62-A147-3546B8CFF839}.Release|Any CPU.Build.0 = Release|Any CPU
		{FC1EBA17-5480-4860-9C15-BCA14CA4E859}.Debug|Any CPU.ActiveCfg = Debug|Any CPU
		{FC1EBA17-5480-4860-9C15-BCA14CA4E859}.Debug|Any CPU.Build.0 = Debug|Any CPU
		{FC1EBA17-5480-4860-9C15-BCA14CA4E859}.Release|Any CPU.ActiveCfg = Release|Any CPU
		{FC1EBA17-5480-4860-9C15-BCA14CA4E859}.Release|Any CPU.Build.0 = Release|Any CPU
		{35C47FB2-8357-4FC8-A8C7-74C0ABB0A043}.Debug|Any CPU.ActiveCfg = Debug|Any CPU
		{35C47FB2-8357-4FC8-A8C7-74C0ABB0A043}.Debug|Any CPU.Build.0 = Debug|Any CPU
		{35C47FB2-8357-4FC8-A8C7-74C0ABB0A043}.Release|Any CPU.ActiveCfg = Release|Any CPU
		{35C47FB2-8357-4FC8-A8C7-74C0ABB0A043}.Release|Any CPU.Build.0 = Release|Any CPU
		{48CEB7F6-03A0-4823-9A47-708DD9BAE803}.Debug|Any CPU.ActiveCfg = Debug|Any CPU
		{48CEB7F6-03A0-4823-9A47-708DD9BAE803}.Debug|Any CPU.Build.0 = Debug|Any CPU
		{48CEB7F6-03A0-4823-9A47-708DD9BAE803}.Release|Any CPU.ActiveCfg = Release|Any CPU
		{48CEB7F6-03A0-4823-9A47-708DD9BAE803}.Release|Any CPU.Build.0 = Release|Any CPU
		{6678739D-CB80-4373-A7C6-9DC9D158A3FC}.Debug|Any CPU.ActiveCfg = Debug|Any CPU
		{6678739D-CB80-4373-A7C6-9DC9D158A3FC}.Debug|Any CPU.Build.0 = Debug|Any CPU
		{6678739D-CB80-4373-A7C6-9DC9D158A3FC}.Release|Any CPU.ActiveCfg = Release|Any CPU
		{6678739D-CB80-4373-A7C6-9DC9D158A3FC}.Release|Any CPU.Build.0 = Release|Any CPU
	EndGlobalSection
	GlobalSection(SolutionProperties) = preSolution
		HideSolutionNode = FALSE
	EndGlobalSection
	GlobalSection(ExtensibilityGlobals) = postSolution
		SolutionGuid = {5EBE2C3A-C9C2-453E-8CDC-A1AEEA0CAAF9}
	EndGlobalSection
EndGlobal
