
Microsoft Visual Studio Solution File, Format Version 12.00
# Visual Studio Version 17
VisualStudioVersion = 17.2.32526.322
MinimumVisualStudioVersion = 10.0.40219.1
Project("{FAE04EC0-301F-11D3-BF4B-00C04F79EFBC}") = "Methods-08.06", "Methods-08.06\Methods-08.06.csproj", "{B678A89D-6DCB-4577-8B68-91B77AD61704}"
EndProject
Project("{FAE04EC0-301F-11D3-BF4B-00C04F79EFBC}") = "01SignofIntegerNumbers", "01SignofIntegerNumbers\01SignofIntegerNumbers.csproj", "{89E16D04-09C8-41A1-BD65-5A60286D072C}"
EndProject
Project("{FAE04EC0-301F-11D3-BF4B-00C04F79EFBC}") = "02Grades", "02Grades\02Grades.csproj", "{BD5033C0-B4D8-4F4D-9D87-94E0E620A41A}"
EndProject
Project("{FAE04EC0-301F-11D3-BF4B-00C04F79EFBC}") = "03Calculations", "03Calculations\03Calculations.csproj", "{ED205C4B-86FC-4D49-A26A-75559E5BD792}"
EndProject
Project("{FAE04EC0-301F-11D3-BF4B-00C04F79EFBC}") = "04PrintingTriangle", "04PrintingTriangle\04PrintingTriangle.csproj", "{E1B247E0-97BD-4209-BC26-674551A604DC}"
EndProject
Project("{FAE04EC0-301F-11D3-BF4B-00C04F79EFBC}") = "05Orders", "05Orders\05Orders.csproj", "{71191811-CBC1-499F-8B21-BABD5ABCBE4D}"
EndProject
Project("{FAE04EC0-301F-11D3-BF4B-00C04F79EFBC}") = "06CalculateRectangleArea", "06CalculateRectangleArea\06CalculateRectangleArea.csproj", "{FDC9FD25-5D5A-41D9-AE42-CD022C62E73D}"
EndProject
Project("{FAE04EC0-301F-11D3-BF4B-00C04F79EFBC}") = "07PrintString", "07PrintString\07PrintString.csproj", "{A75A8447-E998-4F16-81F1-43DF15274BAB}"
EndProject
Project("{FAE04EC0-301F-11D3-BF4B-00C04F79EFBC}") = "08MathPower", "08MathPower\08MathPower.csproj", "{2B696B79-61D7-4FB8-8996-FCF333A8CB26}"
EndProject
Project("{FAE04EC0-301F-11D3-BF4B-00C04F79EFBC}") = "09GreaterOfTwoValues", "09GreaterOfTwoValues\09GreaterOfTwoValues.csproj", "{7B77AB30-588B-4F21-AD07-0B966ED71A83}"
EndProject
Project("{FAE04EC0-301F-11D3-BF4B-00C04F79EFBC}") = "10MultiplyEvensByOdds", "10MultiplyEvensByOdds\10MultiplyEvensByOdds.csproj", "{C07B8F26-97E5-4697-B385-8691806EA8A2}"
EndProject
Project("{FAE04EC0-301F-11D3-BF4B-00C04F79EFBC}") = "11MathOperations", "11MathOperations\11MathOperations.csproj", "{BAA41134-6223-4204-9FA0-8F2F8845E8BF}"
EndProject
Global
	GlobalSection(SolutionConfigurationPlatforms) = preSolution
		Debug|Any CPU = Debug|Any CPU
		Release|Any CPU = Release|Any CPU
	EndGlobalSection
	GlobalSection(ProjectConfigurationPlatforms) = postSolution
		{B678A89D-6DCB-4577-8B68-91B77AD61704}.Debug|Any CPU.ActiveCfg = Debug|Any CPU
		{B678A89D-6DCB-4577-8B68-91B77AD61704}.Debug|Any CPU.Build.0 = Debug|Any CPU
		{B678A89D-6DCB-4577-8B68-91B77AD61704}.Release|Any CPU.ActiveCfg = Release|Any CPU
		{B678A89D-6DCB-4577-8B68-91B77AD61704}.Release|Any CPU.Build.0 = Release|Any CPU
		{89E16D04-09C8-41A1-BD65-5A60286D072C}.Debug|Any CPU.ActiveCfg = Debug|Any CPU
		{89E16D04-09C8-41A1-BD65-5A60286D072C}.Debug|Any CPU.Build.0 = Debug|Any CPU
		{89E16D04-09C8-41A1-BD65-5A60286D072C}.Release|Any CPU.ActiveCfg = Release|Any CPU
		{89E16D04-09C8-41A1-BD65-5A60286D072C}.Release|Any CPU.Build.0 = Release|Any CPU
		{BD5033C0-B4D8-4F4D-9D87-94E0E620A41A}.Debug|Any CPU.ActiveCfg = Debug|Any CPU
		{BD5033C0-B4D8-4F4D-9D87-94E0E620A41A}.Debug|Any CPU.Build.0 = Debug|Any CPU
		{BD5033C0-B4D8-4F4D-9D87-94E0E620A41A}.Release|Any CPU.ActiveCfg = Release|Any CPU
		{BD5033C0-B4D8-4F4D-9D87-94E0E620A41A}.Release|Any CPU.Build.0 = Release|Any CPU
		{ED205C4B-86FC-4D49-A26A-75559E5BD792}.Debug|Any CPU.ActiveCfg = Debug|Any CPU
		{ED205C4B-86FC-4D49-A26A-75559E5BD792}.Debug|Any CPU.Build.0 = Debug|Any CPU
		{ED205C4B-86FC-4D49-A26A-75559E5BD792}.Release|Any CPU.ActiveCfg = Release|Any CPU
		{ED205C4B-86FC-4D49-A26A-75559E5BD792}.Release|Any CPU.Build.0 = Release|Any CPU
		{E1B247E0-97BD-4209-BC26-674551A604DC}.Debug|Any CPU.ActiveCfg = Debug|Any CPU
		{E1B247E0-97BD-4209-BC26-674551A604DC}.Debug|Any CPU.Build.0 = Debug|Any CPU
		{E1B247E0-97BD-4209-BC26-674551A604DC}.Release|Any CPU.ActiveCfg = Release|Any CPU
		{E1B247E0-97BD-4209-BC26-674551A604DC}.Release|Any CPU.Build.0 = Release|Any CPU
		{71191811-CBC1-499F-8B21-BABD5ABCBE4D}.Debug|Any CPU.ActiveCfg = Debug|Any CPU
		{71191811-CBC1-499F-8B21-BABD5ABCBE4D}.Debug|Any CPU.Build.0 = Debug|Any CPU
		{71191811-CBC1-499F-8B21-BABD5ABCBE4D}.Release|Any CPU.ActiveCfg = Release|Any CPU
		{71191811-CBC1-499F-8B21-BABD5ABCBE4D}.Release|Any CPU.Build.0 = Release|Any CPU
		{FDC9FD25-5D5A-41D9-AE42-CD022C62E73D}.Debug|Any CPU.ActiveCfg = Debug|Any CPU
		{FDC9FD25-5D5A-41D9-AE42-CD022C62E73D}.Debug|Any CPU.Build.0 = Debug|Any CPU
		{FDC9FD25-5D5A-41D9-AE42-CD022C62E73D}.Release|Any CPU.ActiveCfg = Release|Any CPU
		{FDC9FD25-5D5A-41D9-AE42-CD022C62E73D}.Release|Any CPU.Build.0 = Release|Any CPU
		{A75A8447-E998-4F16-81F1-43DF15274BAB}.Debug|Any CPU.ActiveCfg = Debug|Any CPU
		{A75A8447-E998-4F16-81F1-43DF15274BAB}.Debug|Any CPU.Build.0 = Debug|Any CPU
		{A75A8447-E998-4F16-81F1-43DF15274BAB}.Release|Any CPU.ActiveCfg = Release|Any CPU
		{A75A8447-E998-4F16-81F1-43DF15274BAB}.Release|Any CPU.Build.0 = Release|Any CPU
		{2B696B79-61D7-4FB8-8996-FCF333A8CB26}.Debug|Any CPU.ActiveCfg = Debug|Any CPU
		{2B696B79-61D7-4FB8-8996-FCF333A8CB26}.Debug|Any CPU.Build.0 = Debug|Any CPU
		{2B696B79-61D7-4FB8-8996-FCF333A8CB26}.Release|Any CPU.ActiveCfg = Release|Any CPU
		{2B696B79-61D7-4FB8-8996-FCF333A8CB26}.Release|Any CPU.Build.0 = Release|Any CPU
		{7B77AB30-588B-4F21-AD07-0B966ED71A83}.Debug|Any CPU.ActiveCfg = Debug|Any CPU
		{7B77AB30-588B-4F21-AD07-0B966ED71A83}.Debug|Any CPU.Build.0 = Debug|Any CPU
		{7B77AB30-588B-4F21-AD07-0B966ED71A83}.Release|Any CPU.ActiveCfg = Release|Any CPU
		{7B77AB30-588B-4F21-AD07-0B966ED71A83}.Release|Any CPU.Build.0 = Release|Any CPU
		{C07B8F26-97E5-4697-B385-8691806EA8A2}.Debug|Any CPU.ActiveCfg = Debug|Any CPU
		{C07B8F26-97E5-4697-B385-8691806EA8A2}.Debug|Any CPU.Build.0 = Debug|Any CPU
		{C07B8F26-97E5-4697-B385-8691806EA8A2}.Release|Any CPU.ActiveCfg = Release|Any CPU
		{C07B8F26-97E5-4697-B385-8691806EA8A2}.Release|Any CPU.Build.0 = Release|Any CPU
		{BAA41134-6223-4204-9FA0-8F2F8845E8BF}.Debug|Any CPU.ActiveCfg = Debug|Any CPU
		{BAA41134-6223-4204-9FA0-8F2F8845E8BF}.Debug|Any CPU.Build.0 = Debug|Any CPU
		{BAA41134-6223-4204-9FA0-8F2F8845E8BF}.Release|Any CPU.ActiveCfg = Release|Any CPU
		{BAA41134-6223-4204-9FA0-8F2F8845E8BF}.Release|Any CPU.Build.0 = Release|Any CPU
	EndGlobalSection
	GlobalSection(SolutionProperties) = preSolution
		HideSolutionNode = FALSE
	EndGlobalSection
	GlobalSection(ExtensibilityGlobals) = postSolution
		SolutionGuid = {55A3A71A-BD02-469A-83A1-1C01826E6B11}
	EndGlobalSection
EndGlobal
